// !$*UTF8*$!
{
	archiveVersion = 1;
	classes = {
	};
	objectVersion = 52;
	objects = {

/* Begin PBXBuildFile section */
		F430AD742812C3DE00B71C40 /* yCHMApp.swift in Sources */ = {isa = PBXBuildFile; fileRef = F430AD732812C3DE00B71C40 /* yCHMApp.swift */; };
		F430AD762812C3DE00B71C40 /* ContentView.swift in Sources */ = {isa = PBXBuildFile; fileRef = F430AD752812C3DE00B71C40 /* ContentView.swift */; };
		F430AD782812C3E500B71C40 /* Assets.xcassets in Resources */ = {isa = PBXBuildFile; fileRef = F430AD772812C3E500B71C40 /* Assets.xcassets */; };
		F430AD7B2812C3E500B71C40 /* Preview Assets.xcassets in Resources */ = {isa = PBXBuildFile; fileRef = F430AD7A2812C3E500B71C40 /* Preview Assets.xcassets */; };
		F430AD7D2812C3E500B71C40 /* Persistence.swift in Sources */ = {isa = PBXBuildFile; fileRef = F430AD7C2812C3E500B71C40 /* Persistence.swift */; };
		F430AD802812C3E500B71C40 /* yCHM.xcdatamodeld in Sources */ = {isa = PBXBuildFile; fileRef = F430AD7E2812C3E500B71C40 /* yCHM.xcdatamodeld */; };
		F430AD8C2812C3E600B71C40 /* yCHMTests.swift in Sources */ = {isa = PBXBuildFile; fileRef = F430AD8B2812C3E600B71C40 /* yCHMTests.swift */; };
		F430AD972812C3E600B71C40 /* yCHMUITests.swift in Sources */ = {isa = PBXBuildFile; fileRef = F430AD962812C3E600B71C40 /* yCHMUITests.swift */; };
		F430ADA92812CE2500B71C40 /* chm_lib.c in Sources */ = {isa = PBXBuildFile; fileRef = F430ADA72812CE2500B71C40 /* chm_lib.c */; settings = {COMPILER_FLAGS = "-w"; }; };
		F430ADAA2812CE2500B71C40 /* chm_lib.c in Sources */ = {isa = PBXBuildFile; fileRef = F430ADA72812CE2500B71C40 /* chm_lib.c */; settings = {COMPILER_FLAGS = "-w"; }; };
		F430ADAB2812CE2500B71C40 /* chm_lib.c in Sources */ = {isa = PBXBuildFile; fileRef = F430ADA72812CE2500B71C40 /* chm_lib.c */; settings = {COMPILER_FLAGS = "-w"; }; };
		F430ADAE2812CE3D00B71C40 /* lzx.c in Sources */ = {isa = PBXBuildFile; fileRef = F430ADAC2812CE3C00B71C40 /* lzx.c */; settings = {COMPILER_FLAGS = "-w"; }; };
		F430ADAF2812CE3D00B71C40 /* lzx.c in Sources */ = {isa = PBXBuildFile; fileRef = F430ADAC2812CE3C00B71C40 /* lzx.c */; settings = {COMPILER_FLAGS = "-w"; }; };
		F430ADB02812CE3D00B71C40 /* lzx.c in Sources */ = {isa = PBXBuildFile; fileRef = F430ADAC2812CE3C00B71C40 /* lzx.c */; settings = {COMPILER_FLAGS = "-w"; }; };
		F430ADB62812D4EC00B71C40 /* DocPicker.swift in Sources */ = {isa = PBXBuildFile; fileRef = F430ADB52812D4EC00B71C40 /* DocPicker.swift */; };
		F430ADB72812D4EC00B71C40 /* DocPicker.swift in Sources */ = {isa = PBXBuildFile; fileRef = F430ADB52812D4EC00B71C40 /* DocPicker.swift */; };
		F430ADB82812D4EC00B71C40 /* DocPicker.swift in Sources */ = {isa = PBXBuildFile; fileRef = F430ADB52812D4EC00B71C40 /* DocPicker.swift */; };
		F430ADBA2812D6FD00B71C40 /* CHMFile.swift in Sources */ = {isa = PBXBuildFile; fileRef = F430ADB92812D6FD00B71C40 /* CHMFile.swift */; };
		F430ADBB2812D6FD00B71C40 /* CHMFile.swift in Sources */ = {isa = PBXBuildFile; fileRef = F430ADB92812D6FD00B71C40 /* CHMFile.swift */; };
		F430ADBC2812D6FD00B71C40 /* CHMFile.swift in Sources */ = {isa = PBXBuildFile; fileRef = F430ADB92812D6FD00B71C40 /* CHMFile.swift */; };
		F430ADBE28138D1B00B71C40 /* EncodingHelpers.swift in Sources */ = {isa = PBXBuildFile; fileRef = F430ADBD28138D1B00B71C40 /* EncodingHelpers.swift */; };
		F430ADBF28138D1B00B71C40 /* EncodingHelpers.swift in Sources */ = {isa = PBXBuildFile; fileRef = F430ADBD28138D1B00B71C40 /* EncodingHelpers.swift */; };
		F430ADC028138D1B00B71C40 /* EncodingHelpers.swift in Sources */ = {isa = PBXBuildFile; fileRef = F430ADBD28138D1B00B71C40 /* EncodingHelpers.swift */; };
		F430ADC4281424F800B71C40 /* UnitViews.swift in Sources */ = {isa = PBXBuildFile; fileRef = F430ADC3281424F800B71C40 /* UnitViews.swift */; };
		F430ADC5281424F800B71C40 /* UnitViews.swift in Sources */ = {isa = PBXBuildFile; fileRef = F430ADC3281424F800B71C40 /* UnitViews.swift */; };
		F430ADC6281424F800B71C40 /* UnitViews.swift in Sources */ = {isa = PBXBuildFile; fileRef = F430ADC3281424F800B71C40 /* UnitViews.swift */; };
		F472E3C2282405A800ED3BC3 /* CHMUnit.swift in Sources */ = {isa = PBXBuildFile; fileRef = F4860745281AD5E200B81C3A /* CHMUnit.swift */; };
		F472E3C3282405D400ED3BC3 /* IndexParser.swift in Sources */ = {isa = PBXBuildFile; fileRef = F4860747281D751000B81C3A /* IndexParser.swift */; };
		F472E3C4282405F600ED3BC3 /* CHMUnit.swift in Sources */ = {isa = PBXBuildFile; fileRef = F4860745281AD5E200B81C3A /* CHMUnit.swift */; };
		F472E3C5282405F900ED3BC3 /* IndexParser.swift in Sources */ = {isa = PBXBuildFile; fileRef = F4860747281D751000B81C3A /* IndexParser.swift */; };
		F472E3C82824063D00ED3BC3 /* SwiftSoup in Frameworks */ = {isa = PBXBuildFile; productRef = F472E3C72824063D00ED3BC3 /* SwiftSoup */; };
		F472E3CD28240B9300ED3BC3 /* PowerCollections.chm in Resources */ = {isa = PBXBuildFile; fileRef = F472E3CC28240B9300ED3BC3 /* PowerCollections.chm */; };
		F472E3CE28240B9300ED3BC3 /* PowerCollections.chm in Resources */ = {isa = PBXBuildFile; fileRef = F472E3CC28240B9300ED3BC3 /* PowerCollections.chm */; };
		F472E3D0282660E900ED3BC3 /* IndexParserTests.swift in Sources */ = {isa = PBXBuildFile; fileRef = F472E3CF282660E900ED3BC3 /* IndexParserTests.swift */; };
		F472E3D3282699B700ED3BC3 /* Logging in Frameworks */ = {isa = PBXBuildFile; productRef = F472E3D2282699B700ED3BC3 /* Logging */; };
		F472E3D528269BD000ED3BC3 /* Logging in Frameworks */ = {isa = PBXBuildFile; productRef = F472E3D428269BD000ED3BC3 /* Logging */; };
		F486074428196EBF00B81C3A /* WebView.swift in Sources */ = {isa = PBXBuildFile; fileRef = F486074328196EBF00B81C3A /* WebView.swift */; };
		F4860746281AD5E200B81C3A /* CHMUnit.swift in Sources */ = {isa = PBXBuildFile; fileRef = F4860745281AD5E200B81C3A /* CHMUnit.swift */; };
		F4860748281D751000B81C3A /* IndexParser.swift in Sources */ = {isa = PBXBuildFile; fileRef = F4860747281D751000B81C3A /* IndexParser.swift */; };
		F486074B281E253C00B81C3A /* SwiftSoup in Frameworks */ = {isa = PBXBuildFile; productRef = F486074A281E253C00B81C3A /* SwiftSoup */; };
/* End PBXBuildFile section */

/* Begin PBXContainerItemProxy section */
		F430AD882812C3E600B71C40 /* PBXContainerItemProxy */ = {
			isa = PBXContainerItemProxy;
			containerPortal = F430AD682812C3DE00B71C40 /* Project object */;
			proxyType = 1;
			remoteGlobalIDString = F430AD6F2812C3DE00B71C40;
			remoteInfo = yCHM;
		};
		F430AD932812C3E600B71C40 /* PBXContainerItemProxy */ = {
			isa = PBXContainerItemProxy;
			containerPortal = F430AD682812C3DE00B71C40 /* Project object */;
			proxyType = 1;
			remoteGlobalIDString = F430AD6F2812C3DE00B71C40;
			remoteInfo = yCHM;
		};
/* End PBXContainerItemProxy section */

/* Begin PBXFileReference section */
		F430AD702812C3DE00B71C40 /* yCHM.app */ = {isa = PBXFileReference; explicitFileType = wrapper.application; includeInIndex = 0; path = yCHM.app; sourceTree = BUILT_PRODUCTS_DIR; };
		F430AD732812C3DE00B71C40 /* yCHMApp.swift */ = {isa = PBXFileReference; lastKnownFileType = sourcecode.swift; path = yCHMApp.swift; sourceTree = "<group>"; };
		F430AD752812C3DE00B71C40 /* ContentView.swift */ = {isa = PBXFileReference; lastKnownFileType = sourcecode.swift; path = ContentView.swift; sourceTree = "<group>"; };
		F430AD772812C3E500B71C40 /* Assets.xcassets */ = {isa = PBXFileReference; lastKnownFileType = folder.assetcatalog; path = Assets.xcassets; sourceTree = "<group>"; };
		F430AD7A2812C3E500B71C40 /* Preview Assets.xcassets */ = {isa = PBXFileReference; lastKnownFileType = folder.assetcatalog; path = "Preview Assets.xcassets"; sourceTree = "<group>"; };
		F430AD7C2812C3E500B71C40 /* Persistence.swift */ = {isa = PBXFileReference; lastKnownFileType = sourcecode.swift; path = Persistence.swift; sourceTree = "<group>"; };
		F430AD7F2812C3E500B71C40 /* yCHM.xcdatamodel */ = {isa = PBXFileReference; lastKnownFileType = wrapper.xcdatamodel; path = yCHM.xcdatamodel; sourceTree = "<group>"; };
		F430AD812812C3E500B71C40 /* Info.plist */ = {isa = PBXFileReference; lastKnownFileType = text.plist.xml; path = Info.plist; sourceTree = "<group>"; };
		F430AD822812C3E500B71C40 /* yCHM.entitlements */ = {isa = PBXFileReference; lastKnownFileType = text.plist.entitlements; path = yCHM.entitlements; sourceTree = "<group>"; };
		F430AD872812C3E600B71C40 /* yCHMTests.xctest */ = {isa = PBXFileReference; explicitFileType = wrapper.cfbundle; includeInIndex = 0; path = yCHMTests.xctest; sourceTree = BUILT_PRODUCTS_DIR; };
		F430AD8B2812C3E600B71C40 /* yCHMTests.swift */ = {isa = PBXFileReference; lastKnownFileType = sourcecode.swift; path = yCHMTests.swift; sourceTree = "<group>"; };
		F430AD8D2812C3E600B71C40 /* Info.plist */ = {isa = PBXFileReference; lastKnownFileType = text.plist.xml; path = Info.plist; sourceTree = "<group>"; };
		F430AD922812C3E600B71C40 /* yCHMUITests.xctest */ = {isa = PBXFileReference; explicitFileType = wrapper.cfbundle; includeInIndex = 0; path = yCHMUITests.xctest; sourceTree = BUILT_PRODUCTS_DIR; };
		F430AD962812C3E600B71C40 /* yCHMUITests.swift */ = {isa = PBXFileReference; lastKnownFileType = sourcecode.swift; path = yCHMUITests.swift; sourceTree = "<group>"; };
		F430AD982812C3E600B71C40 /* Info.plist */ = {isa = PBXFileReference; lastKnownFileType = text.plist.xml; path = Info.plist; sourceTree = "<group>"; };
		F430ADA42812CE2500B71C40 /* yCHM-Bridging-Header.h */ = {isa = PBXFileReference; lastKnownFileType = sourcecode.c.h; path = "yCHM-Bridging-Header.h"; sourceTree = "<group>"; };
		F430ADA52812CE2500B71C40 /* yCHMTests-Bridging-Header.h */ = {isa = PBXFileReference; lastKnownFileType = sourcecode.c.h; path = "yCHMTests-Bridging-Header.h"; sourceTree = "<group>"; };
		F430ADA62812CE2500B71C40 /* yCHMUITests-Bridging-Header.h */ = {isa = PBXFileReference; lastKnownFileType = sourcecode.c.h; path = "yCHMUITests-Bridging-Header.h"; sourceTree = "<group>"; };
		F430ADA72812CE2500B71C40 /* chm_lib.c */ = {isa = PBXFileReference; fileEncoding = 4; lastKnownFileType = sourcecode.c.c; name = chm_lib.c; path = CHMLib/src/chm_lib.c; sourceTree = SOURCE_ROOT; };
		F430ADA82812CE2500B71C40 /* chm_lib.h */ = {isa = PBXFileReference; fileEncoding = 4; lastKnownFileType = sourcecode.c.h; name = chm_lib.h; path = CHMLib/src/chm_lib.h; sourceTree = SOURCE_ROOT; };
		F430ADAC2812CE3C00B71C40 /* lzx.c */ = {isa = PBXFileReference; fileEncoding = 4; lastKnownFileType = sourcecode.c.c; name = lzx.c; path = CHMLib/src/lzx.c; sourceTree = SOURCE_ROOT; };
		F430ADAD2812CE3D00B71C40 /* lzx.h */ = {isa = PBXFileReference; fileEncoding = 4; lastKnownFileType = sourcecode.c.h; name = lzx.h; path = CHMLib/src/lzx.h; sourceTree = SOURCE_ROOT; };
		F430ADB52812D4EC00B71C40 /* DocPicker.swift */ = {isa = PBXFileReference; lastKnownFileType = sourcecode.swift; path = DocPicker.swift; sourceTree = "<group>"; };
		F430ADB92812D6FD00B71C40 /* CHMFile.swift */ = {isa = PBXFileReference; lastKnownFileType = sourcecode.swift; path = CHMFile.swift; sourceTree = "<group>"; };
		F430ADBD28138D1B00B71C40 /* EncodingHelpers.swift */ = {isa = PBXFileReference; lastKnownFileType = sourcecode.swift; path = EncodingHelpers.swift; sourceTree = "<group>"; };
		F430ADC3281424F800B71C40 /* UnitViews.swift */ = {isa = PBXFileReference; lastKnownFileType = sourcecode.swift; path = UnitViews.swift; sourceTree = "<group>"; };
		F472E3CC28240B9300ED3BC3 /* PowerCollections.chm */ = {isa = PBXFileReference; lastKnownFileType = file; path = PowerCollections.chm; sourceTree = "<group>"; };
		F472E3CF282660E900ED3BC3 /* IndexParserTests.swift */ = {isa = PBXFileReference; lastKnownFileType = sourcecode.swift; path = IndexParserTests.swift; sourceTree = "<group>"; };
		F486074328196EBF00B81C3A /* WebView.swift */ = {isa = PBXFileReference; lastKnownFileType = sourcecode.swift; path = WebView.swift; sourceTree = "<group>"; };
		F4860745281AD5E200B81C3A /* CHMUnit.swift */ = {isa = PBXFileReference; lastKnownFileType = sourcecode.swift; path = CHMUnit.swift; sourceTree = "<group>"; };
		F4860747281D751000B81C3A /* IndexParser.swift */ = {isa = PBXFileReference; lastKnownFileType = sourcecode.swift; path = IndexParser.swift; sourceTree = "<group>"; };
/* End PBXFileReference section */

/* Begin PBXFrameworksBuildPhase section */
		F430AD6D2812C3DE00B71C40 /* Frameworks */ = {
			isa = PBXFrameworksBuildPhase;
			buildActionMask = 2147483647;
			files = (
				F472E3D3282699B700ED3BC3 /* Logging in Frameworks */,
				F486074B281E253C00B81C3A /* SwiftSoup in Frameworks */,
			);
			runOnlyForDeploymentPostprocessing = 0;
		};
		F430AD842812C3E600B71C40 /* Frameworks */ = {
			isa = PBXFrameworksBuildPhase;
			buildActionMask = 2147483647;
			files = (
			);
			runOnlyForDeploymentPostprocessing = 0;
		};
		F430AD8F2812C3E600B71C40 /* Frameworks */ = {
			isa = PBXFrameworksBuildPhase;
			buildActionMask = 2147483647;
			files = (
				F472E3D528269BD000ED3BC3 /* Logging in Frameworks */,
				F472E3C82824063D00ED3BC3 /* SwiftSoup in Frameworks */,
			);
			runOnlyForDeploymentPostprocessing = 0;
		};
/* End PBXFrameworksBuildPhase section */

/* Begin PBXGroup section */
		F430AD672812C3DE00B71C40 = {
			isa = PBXGroup;
			children = (
				F430AD722812C3DE00B71C40 /* yCHM */,
				F430AD8A2812C3E600B71C40 /* yCHMTests */,
				F430AD952812C3E600B71C40 /* yCHMUITests */,
				F430AD712812C3DE00B71C40 /* Products */,
				F472E3C62824063D00ED3BC3 /* Frameworks */,
			);
			sourceTree = "<group>";
		};
		F430AD712812C3DE00B71C40 /* Products */ = {
			isa = PBXGroup;
			children = (
				F430AD702812C3DE00B71C40 /* yCHM.app */,
				F430AD872812C3E600B71C40 /* yCHMTests.xctest */,
				F430AD922812C3E600B71C40 /* yCHMUITests.xctest */,
			);
			name = Products;
			sourceTree = "<group>";
		};
		F430AD722812C3DE00B71C40 /* yCHM */ = {
			isa = PBXGroup;
			children = (
				F430AD752812C3DE00B71C40 /* ContentView.swift */,
				F430ADB92812D6FD00B71C40 /* CHMFile.swift */,
				F4860745281AD5E200B81C3A /* CHMUnit.swift */,
				F430ADBD28138D1B00B71C40 /* EncodingHelpers.swift */,
				F430ADB52812D4EC00B71C40 /* DocPicker.swift */,
				F430AD732812C3DE00B71C40 /* yCHMApp.swift */,
				F430AD7C2812C3E500B71C40 /* Persistence.swift */,
				F430ADC3281424F800B71C40 /* UnitViews.swift */,
				F486074328196EBF00B81C3A /* WebView.swift */,
				F4860747281D751000B81C3A /* IndexParser.swift */,
				F430AD772812C3E500B71C40 /* Assets.xcassets */,
				F430AD812812C3E500B71C40 /* Info.plist */,
				F430AD822812C3E500B71C40 /* yCHM.entitlements */,
				F430AD7E2812C3E500B71C40 /* yCHM.xcdatamodeld */,
				F430AD792812C3E500B71C40 /* Preview Content */,
				F430ADA42812CE2500B71C40 /* yCHM-Bridging-Header.h */,
				F430ADA52812CE2500B71C40 /* yCHMTests-Bridging-Header.h */,
				F430ADA62812CE2500B71C40 /* yCHMUITests-Bridging-Header.h */,
				F430ADAD2812CE3D00B71C40 /* lzx.h */,
				F430ADAC2812CE3C00B71C40 /* lzx.c */,
				F430ADA82812CE2500B71C40 /* chm_lib.h */,
				F430ADA72812CE2500B71C40 /* chm_lib.c */,
			);
			path = yCHM;
			sourceTree = "<group>";
		};
		F430AD792812C3E500B71C40 /* Preview Content */ = {
			isa = PBXGroup;
			children = (
				F430AD7A2812C3E500B71C40 /* Preview Assets.xcassets */,
			);
			path = "Preview Content";
			sourceTree = "<group>";
		};
		F430AD8A2812C3E600B71C40 /* yCHMTests */ = {
			isa = PBXGroup;
			children = (
				F430AD8B2812C3E600B71C40 /* yCHMTests.swift */,
				F430AD8D2812C3E600B71C40 /* Info.plist */,
				F472E3CF282660E900ED3BC3 /* IndexParserTests.swift */,
			);
			path = yCHMTests;
			sourceTree = "<group>";
		};
		F430AD952812C3E600B71C40 /* yCHMUITests */ = {
			isa = PBXGroup;
			children = (
				F472E3CC28240B9300ED3BC3 /* PowerCollections.chm */,
				F430AD962812C3E600B71C40 /* yCHMUITests.swift */,
				F430AD982812C3E600B71C40 /* Info.plist */,
			);
			path = yCHMUITests;
			sourceTree = "<group>";
		};
		F472E3C62824063D00ED3BC3 /* Frameworks */ = {
			isa = PBXGroup;
			children = (
			);
			name = Frameworks;
			sourceTree = "<group>";
		};
/* End PBXGroup section */

/* Begin PBXNativeTarget section */
		F430AD6F2812C3DE00B71C40 /* yCHM */ = {
			isa = PBXNativeTarget;
			buildConfigurationList = F430AD9B2812C3E600B71C40 /* Build configuration list for PBXNativeTarget "yCHM" */;
			buildPhases = (
				F430AD6C2812C3DE00B71C40 /* Sources */,
				F430AD6D2812C3DE00B71C40 /* Frameworks */,
				F430AD6E2812C3DE00B71C40 /* Resources */,
			);
			buildRules = (
			);
			dependencies = (
			);
			name = yCHM;
			packageProductDependencies = (
				F486074A281E253C00B81C3A /* SwiftSoup */,
				F472E3D2282699B700ED3BC3 /* Logging */,
			);
			productName = yCHM;
			productReference = F430AD702812C3DE00B71C40 /* yCHM.app */;
			productType = "com.apple.product-type.application";
		};
		F430AD862812C3E600B71C40 /* yCHMTests */ = {
			isa = PBXNativeTarget;
			buildConfigurationList = F430AD9E2812C3E600B71C40 /* Build configuration list for PBXNativeTarget "yCHMTests" */;
			buildPhases = (
				F430AD832812C3E600B71C40 /* Sources */,
				F430AD842812C3E600B71C40 /* Frameworks */,
				F430AD852812C3E600B71C40 /* Resources */,
			);
			buildRules = (
			);
			dependencies = (
				F430AD892812C3E600B71C40 /* PBXTargetDependency */,
			);
			name = yCHMTests;
			productName = yCHMTests;
			productReference = F430AD872812C3E600B71C40 /* yCHMTests.xctest */;
			productType = "com.apple.product-type.bundle.unit-test";
		};
		F430AD912812C3E600B71C40 /* yCHMUITests */ = {
			isa = PBXNativeTarget;
			buildConfigurationList = F430ADA12812C3E600B71C40 /* Build configuration list for PBXNativeTarget "yCHMUITests" */;
			buildPhases = (
				F430AD8E2812C3E600B71C40 /* Sources */,
				F430AD8F2812C3E600B71C40 /* Frameworks */,
				F430AD902812C3E600B71C40 /* Resources */,
			);
			buildRules = (
			);
			dependencies = (
				F430AD942812C3E600B71C40 /* PBXTargetDependency */,
			);
			name = yCHMUITests;
			packageProductDependencies = (
				F472E3C72824063D00ED3BC3 /* SwiftSoup */,
				F472E3D428269BD000ED3BC3 /* Logging */,
			);
			productName = yCHMUITests;
			productReference = F430AD922812C3E600B71C40 /* yCHMUITests.xctest */;
			productType = "com.apple.product-type.bundle.ui-testing";
		};
/* End PBXNativeTarget section */

/* Begin PBXProject section */
		F430AD682812C3DE00B71C40 /* Project object */ = {
			isa = PBXProject;
			attributes = {
				LastSwiftUpdateCheck = 1250;
				LastUpgradeCheck = 1250;
				TargetAttributes = {
					F430AD6F2812C3DE00B71C40 = {
						CreatedOnToolsVersion = 12.5.1;
						LastSwiftMigration = 1250;
					};
					F430AD862812C3E600B71C40 = {
						CreatedOnToolsVersion = 12.5.1;
						LastSwiftMigration = 1250;
						TestTargetID = F430AD6F2812C3DE00B71C40;
					};
					F430AD912812C3E600B71C40 = {
						CreatedOnToolsVersion = 12.5.1;
						LastSwiftMigration = 1250;
						TestTargetID = F430AD6F2812C3DE00B71C40;
					};
				};
			};
			buildConfigurationList = F430AD6B2812C3DE00B71C40 /* Build configuration list for PBXProject "yCHM" */;
			compatibilityVersion = "Xcode 9.3";
			developmentRegion = en;
			hasScannedForEncodings = 0;
			knownRegions = (
				en,
				Base,
			);
			mainGroup = F430AD672812C3DE00B71C40;
			packageReferences = (
				F4860749281E253C00B81C3A /* XCRemoteSwiftPackageReference "SwiftSoup" */,
				F472E3D1282699B700ED3BC3 /* XCRemoteSwiftPackageReference "swift-log" */,
			);
			productRefGroup = F430AD712812C3DE00B71C40 /* Products */;
			projectDirPath = "";
			projectRoot = "";
			targets = (
				F430AD6F2812C3DE00B71C40 /* yCHM */,
				F430AD862812C3E600B71C40 /* yCHMTests */,
				F430AD912812C3E600B71C40 /* yCHMUITests */,
			);
		};
/* End PBXProject section */

/* Begin PBXResourcesBuildPhase section */
		F430AD6E2812C3DE00B71C40 /* Resources */ = {
			isa = PBXResourcesBuildPhase;
			buildActionMask = 2147483647;
			files = (
				F430AD7B2812C3E500B71C40 /* Preview Assets.xcassets in Resources */,
				F430AD782812C3E500B71C40 /* Assets.xcassets in Resources */,
			);
			runOnlyForDeploymentPostprocessing = 0;
		};
		F430AD852812C3E600B71C40 /* Resources */ = {
			isa = PBXResourcesBuildPhase;
			buildActionMask = 2147483647;
			files = (
				F472E3CD28240B9300ED3BC3 /* PowerCollections.chm in Resources */,
			);
			runOnlyForDeploymentPostprocessing = 0;
		};
		F430AD902812C3E600B71C40 /* Resources */ = {
			isa = PBXResourcesBuildPhase;
			buildActionMask = 2147483647;
			files = (
				F472E3CE28240B9300ED3BC3 /* PowerCollections.chm in Resources */,
			);
			runOnlyForDeploymentPostprocessing = 0;
		};
/* End PBXResourcesBuildPhase section */

/* Begin PBXSourcesBuildPhase section */
		F430AD6C2812C3DE00B71C40 /* Sources */ = {
			isa = PBXSourcesBuildPhase;
			buildActionMask = 2147483647;
			files = (
				F430ADBA2812D6FD00B71C40 /* CHMFile.swift in Sources */,
				F430ADAE2812CE3D00B71C40 /* lzx.c in Sources */,
				F430AD7D2812C3E500B71C40 /* Persistence.swift in Sources */,
				F430ADBE28138D1B00B71C40 /* EncodingHelpers.swift in Sources */,
				F430ADA92812CE2500B71C40 /* chm_lib.c in Sources */,
				F430AD762812C3DE00B71C40 /* ContentView.swift in Sources */,
				F430ADB62812D4EC00B71C40 /* DocPicker.swift in Sources */,
				F430AD802812C3E500B71C40 /* yCHM.xcdatamodeld in Sources */,
				F4860746281AD5E200B81C3A /* CHMUnit.swift in Sources */,
				F4860748281D751000B81C3A /* IndexParser.swift in Sources */,
				F430AD742812C3DE00B71C40 /* yCHMApp.swift in Sources */,
				F430ADC4281424F800B71C40 /* UnitViews.swift in Sources */,
				F486074428196EBF00B81C3A /* WebView.swift in Sources */,
			);
			runOnlyForDeploymentPostprocessing = 0;
		};
		F430AD832812C3E600B71C40 /* Sources */ = {
			isa = PBXSourcesBuildPhase;
			buildActionMask = 2147483647;
			files = (
				F472E3C3282405D400ED3BC3 /* IndexParser.swift in Sources */,
				F472E3C2282405A800ED3BC3 /* CHMUnit.swift in Sources */,
				F430ADBF28138D1B00B71C40 /* EncodingHelpers.swift in Sources */,
				F472E3D0282660E900ED3BC3 /* IndexParserTests.swift in Sources */,
				F430ADAF2812CE3D00B71C40 /* lzx.c in Sources */,
				F430ADAA2812CE2500B71C40 /* chm_lib.c in Sources */,
				F430ADBB2812D6FD00B71C40 /* CHMFile.swift in Sources */,
				F430ADB72812D4EC00B71C40 /* DocPicker.swift in Sources */,
				F430AD8C2812C3E600B71C40 /* yCHMTests.swift in Sources */,
				F430ADC5281424F800B71C40 /* UnitViews.swift in Sources */,
			);
			runOnlyForDeploymentPostprocessing = 0;
		};
		F430AD8E2812C3E600B71C40 /* Sources */ = {
			isa = PBXSourcesBuildPhase;
			buildActionMask = 2147483647;
			files = (
				F472E3C5282405F900ED3BC3 /* IndexParser.swift in Sources */,
				F472E3C4282405F600ED3BC3 /* CHMUnit.swift in Sources */,
				F430ADC028138D1B00B71C40 /* EncodingHelpers.swift in Sources */,
				F430ADB02812CE3D00B71C40 /* lzx.c in Sources */,
				F430ADAB2812CE2500B71C40 /* chm_lib.c in Sources */,
				F430ADBC2812D6FD00B71C40 /* CHMFile.swift in Sources */,
				F430ADB82812D4EC00B71C40 /* DocPicker.swift in Sources */,
				F430AD972812C3E600B71C40 /* yCHMUITests.swift in Sources */,
				F430ADC6281424F800B71C40 /* UnitViews.swift in Sources */,
			);
			runOnlyForDeploymentPostprocessing = 0;
		};
/* End PBXSourcesBuildPhase section */

/* Begin PBXTargetDependency section */
		F430AD892812C3E600B71C40 /* PBXTargetDependency */ = {
			isa = PBXTargetDependency;
			target = F430AD6F2812C3DE00B71C40 /* yCHM */;
			targetProxy = F430AD882812C3E600B71C40 /* PBXContainerItemProxy */;
		};
		F430AD942812C3E600B71C40 /* PBXTargetDependency */ = {
			isa = PBXTargetDependency;
			target = F430AD6F2812C3DE00B71C40 /* yCHM */;
			targetProxy = F430AD932812C3E600B71C40 /* PBXContainerItemProxy */;
		};
/* End PBXTargetDependency section */

/* Begin XCBuildConfiguration section */
		F430AD992812C3E600B71C40 /* Debug */ = {
			isa = XCBuildConfiguration;
			buildSettings = {
				ALWAYS_SEARCH_USER_PATHS = NO;
				CLANG_ANALYZER_NONNULL = YES;
				CLANG_ANALYZER_NUMBER_OBJECT_CONVERSION = YES_AGGRESSIVE;
				CLANG_CXX_LANGUAGE_STANDARD = "gnu++14";
				CLANG_CXX_LIBRARY = "libc++";
				CLANG_ENABLE_MODULES = YES;
				CLANG_ENABLE_OBJC_ARC = YES;
				CLANG_ENABLE_OBJC_WEAK = YES;
				CLANG_WARN_BLOCK_CAPTURE_AUTORELEASING = YES;
				CLANG_WARN_BOOL_CONVERSION = YES;
				CLANG_WARN_COMMA = YES;
				CLANG_WARN_CONSTANT_CONVERSION = YES;
				CLANG_WARN_DEPRECATED_OBJC_IMPLEMENTATIONS = YES;
				CLANG_WARN_DIRECT_OBJC_ISA_USAGE = YES_ERROR;
				CLANG_WARN_DOCUMENTATION_COMMENTS = YES;
				CLANG_WARN_EMPTY_BODY = YES;
				CLANG_WARN_ENUM_CONVERSION = YES;
				CLANG_WARN_INFINITE_RECURSION = YES;
				CLANG_WARN_INT_CONVERSION = YES;
				CLANG_WARN_NON_LITERAL_NULL_CONVERSION = YES;
				CLANG_WARN_OBJC_IMPLICIT_RETAIN_SELF = YES;
				CLANG_WARN_OBJC_LITERAL_CONVERSION = YES;
				CLANG_WARN_OBJC_ROOT_CLASS = YES_ERROR;
				CLANG_WARN_QUOTED_INCLUDE_IN_FRAMEWORK_HEADER = YES;
				CLANG_WARN_RANGE_LOOP_ANALYSIS = YES;
				CLANG_WARN_STRICT_PROTOTYPES = YES;
				CLANG_WARN_SUSPICIOUS_MOVE = YES;
				CLANG_WARN_UNGUARDED_AVAILABILITY = YES_AGGRESSIVE;
				CLANG_WARN_UNREACHABLE_CODE = YES;
				CLANG_WARN__DUPLICATE_METHOD_MATCH = YES;
				COPY_PHASE_STRIP = NO;
				DEBUG_INFORMATION_FORMAT = dwarf;
				ENABLE_STRICT_OBJC_MSGSEND = YES;
				ENABLE_TESTABILITY = YES;
				GCC_C_LANGUAGE_STANDARD = gnu11;
				GCC_DYNAMIC_NO_PIC = NO;
				GCC_NO_COMMON_BLOCKS = YES;
				GCC_OPTIMIZATION_LEVEL = 0;
				GCC_PREPROCESSOR_DEFINITIONS = (
					"DEBUG=1",
					"$(inherited)",
				);
				GCC_WARN_64_TO_32_BIT_CONVERSION = YES;
				GCC_WARN_ABOUT_RETURN_TYPE = YES_ERROR;
				GCC_WARN_UNDECLARED_SELECTOR = YES;
				GCC_WARN_UNINITIALIZED_AUTOS = YES_AGGRESSIVE;
				GCC_WARN_UNUSED_FUNCTION = YES;
				GCC_WARN_UNUSED_VARIABLE = YES;
				MACOSX_DEPLOYMENT_TARGET = 11.3;
				MTL_ENABLE_DEBUG_INFO = INCLUDE_SOURCE;
				MTL_FAST_MATH = YES;
				ONLY_ACTIVE_ARCH = YES;
				SDKROOT = macosx;
				SWIFT_ACTIVE_COMPILATION_CONDITIONS = DEBUG;
				SWIFT_OPTIMIZATION_LEVEL = "-Onone";
			};
			name = Debug;
		};
		F430AD9A2812C3E600B71C40 /* Release */ = {
			isa = XCBuildConfiguration;
			buildSettings = {
				ALWAYS_SEARCH_USER_PATHS = NO;
				CLANG_ANALYZER_NONNULL = YES;
				CLANG_ANALYZER_NUMBER_OBJECT_CONVERSION = YES_AGGRESSIVE;
				CLANG_CXX_LANGUAGE_STANDARD = "gnu++14";
				CLANG_CXX_LIBRARY = "libc++";
				CLANG_ENABLE_MODULES = YES;
				CLANG_ENABLE_OBJC_ARC = YES;
				CLANG_ENABLE_OBJC_WEAK = YES;
				CLANG_WARN_BLOCK_CAPTURE_AUTORELEASING = YES;
				CLANG_WARN_BOOL_CONVERSION = YES;
				CLANG_WARN_COMMA = YES;
				CLANG_WARN_CONSTANT_CONVERSION = YES;
				CLANG_WARN_DEPRECATED_OBJC_IMPLEMENTATIONS = YES;
				CLANG_WARN_DIRECT_OBJC_ISA_USAGE = YES_ERROR;
				CLANG_WARN_DOCUMENTATION_COMMENTS = YES;
				CLANG_WARN_EMPTY_BODY = YES;
				CLANG_WARN_ENUM_CONVERSION = YES;
				CLANG_WARN_INFINITE_RECURSION = YES;
				CLANG_WARN_INT_CONVERSION = YES;
				CLANG_WARN_NON_LITERAL_NULL_CONVERSION = YES;
				CLANG_WARN_OBJC_IMPLICIT_RETAIN_SELF = YES;
				CLANG_WARN_OBJC_LITERAL_CONVERSION = YES;
				CLANG_WARN_OBJC_ROOT_CLASS = YES_ERROR;
				CLANG_WARN_QUOTED_INCLUDE_IN_FRAMEWORK_HEADER = YES;
				CLANG_WARN_RANGE_LOOP_ANALYSIS = YES;
				CLANG_WARN_STRICT_PROTOTYPES = YES;
				CLANG_WARN_SUSPICIOUS_MOVE = YES;
				CLANG_WARN_UNGUARDED_AVAILABILITY = YES_AGGRESSIVE;
				CLANG_WARN_UNREACHABLE_CODE = YES;
				CLANG_WARN__DUPLICATE_METHOD_MATCH = YES;
				COPY_PHASE_STRIP = NO;
				DEBUG_INFORMATION_FORMAT = "dwarf-with-dsym";
				ENABLE_NS_ASSERTIONS = NO;
				ENABLE_STRICT_OBJC_MSGSEND = YES;
				GCC_C_LANGUAGE_STANDARD = gnu11;
				GCC_NO_COMMON_BLOCKS = YES;
				GCC_WARN_64_TO_32_BIT_CONVERSION = YES;
				GCC_WARN_ABOUT_RETURN_TYPE = YES_ERROR;
				GCC_WARN_UNDECLARED_SELECTOR = YES;
				GCC_WARN_UNINITIALIZED_AUTOS = YES_AGGRESSIVE;
				GCC_WARN_UNUSED_FUNCTION = YES;
				GCC_WARN_UNUSED_VARIABLE = YES;
				MACOSX_DEPLOYMENT_TARGET = 11.3;
				MTL_ENABLE_DEBUG_INFO = NO;
				MTL_FAST_MATH = YES;
				SDKROOT = macosx;
				SWIFT_COMPILATION_MODE = wholemodule;
				SWIFT_OPTIMIZATION_LEVEL = "-O";
			};
			name = Release;
		};
		F430AD9C2812C3E600B71C40 /* Debug */ = {
			isa = XCBuildConfiguration;
			buildSettings = {
				ASSETCATALOG_COMPILER_APPICON_NAME = AppIcon;
				ASSETCATALOG_COMPILER_GLOBAL_ACCENT_COLOR_NAME = AccentColor;
				CLANG_ENABLE_MODULES = YES;
				CODE_SIGN_ENTITLEMENTS = yCHM/yCHM.entitlements;
				CODE_SIGN_STYLE = Automatic;
				COMBINE_HIDPI_IMAGES = YES;
				DEVELOPMENT_ASSET_PATHS = "\"yCHM/Preview Content\"";
				DEVELOPMENT_TEAM = GF89F8J3K7;
				ENABLE_HARDENED_RUNTIME = YES;
				ENABLE_PREVIEWS = YES;
				INFOPLIST_FILE = yCHM/Info.plist;
				LD_RUNPATH_SEARCH_PATHS = (
					"$(inherited)",
					"@executable_path/../Frameworks",
				);
				MACOSX_DEPLOYMENT_TARGET = 11.0;
				MARKETING_VERSION = 1.2;
				PRODUCT_BUNDLE_IDENTIFIER = cn.iaalm.yCHM;
				PRODUCT_NAME = "$(TARGET_NAME)";
				SWIFT_OBJC_BRIDGING_HEADER = "yCHM/yCHM-Bridging-Header.h";
				SWIFT_OPTIMIZATION_LEVEL = "-Onone";
				SWIFT_VERSION = 5.0;
			};
			name = Debug;
		};
		F430AD9D2812C3E600B71C40 /* Release */ = {
			isa = XCBuildConfiguration;
			buildSettings = {
				ASSETCATALOG_COMPILER_APPICON_NAME = AppIcon;
				ASSETCATALOG_COMPILER_GLOBAL_ACCENT_COLOR_NAME = AccentColor;
				CLANG_ENABLE_MODULES = YES;
				CODE_SIGN_ENTITLEMENTS = yCHM/yCHM.entitlements;
				CODE_SIGN_STYLE = Automatic;
				COMBINE_HIDPI_IMAGES = YES;
				DEVELOPMENT_ASSET_PATHS = "\"yCHM/Preview Content\"";
				DEVELOPMENT_TEAM = GF89F8J3K7;
				ENABLE_HARDENED_RUNTIME = YES;
				ENABLE_PREVIEWS = YES;
				INFOPLIST_FILE = yCHM/Info.plist;
				LD_RUNPATH_SEARCH_PATHS = (
					"$(inherited)",
					"@executable_path/../Frameworks",
				);
				MACOSX_DEPLOYMENT_TARGET = 11.0;
				MARKETING_VERSION = 1.2;
				PRODUCT_BUNDLE_IDENTIFIER = cn.iaalm.yCHM;
				PRODUCT_NAME = "$(TARGET_NAME)";
				SWIFT_OBJC_BRIDGING_HEADER = "yCHM/yCHM-Bridging-Header.h";
				SWIFT_VERSION = 5.0;
			};
			name = Release;
		};
		F430AD9F2812C3E600B71C40 /* Debug */ = {
			isa = XCBuildConfiguration;
			buildSettings = {
				ALWAYS_EMBED_SWIFT_STANDARD_LIBRARIES = YES;
				BUNDLE_LOADER = "$(TEST_HOST)";
				CLANG_ENABLE_MODULES = YES;
				CODE_SIGN_STYLE = Automatic;
				COMBINE_HIDPI_IMAGES = YES;
				DEVELOPMENT_TEAM = GF89F8J3K7;
				INFOPLIST_FILE = yCHMTests/Info.plist;
				LD_RUNPATH_SEARCH_PATHS = (
					"$(inherited)",
					"@executable_path/../Frameworks",
					"@loader_path/../Frameworks",
				);
				MACOSX_DEPLOYMENT_TARGET = 11.0;
				PRODUCT_BUNDLE_IDENTIFIER = cn.iaalm.yCHMTests;
				PRODUCT_NAME = "$(TARGET_NAME)";
				SWIFT_OBJC_BRIDGING_HEADER = "yCHM/yCHMTests-Bridging-Header.h";
				SWIFT_OPTIMIZATION_LEVEL = "-Onone";
				SWIFT_VERSION = 5.0;
				TEST_HOST = "$(BUILT_PRODUCTS_DIR)/yCHM.app/Contents/MacOS/yCHM";
			};
			name = Debug;
		};
		F430ADA02812C3E600B71C40 /* Release */ = {
			isa = XCBuildConfiguration;
			buildSettings = {
				ALWAYS_EMBED_SWIFT_STANDARD_LIBRARIES = YES;
				BUNDLE_LOADER = "$(TEST_HOST)";
				CLANG_ENABLE_MODULES = YES;
				CODE_SIGN_STYLE = Automatic;
				COMBINE_HIDPI_IMAGES = YES;
				DEVELOPMENT_TEAM = GF89F8J3K7;
				INFOPLIST_FILE = yCHMTests/Info.plist;
				LD_RUNPATH_SEARCH_PATHS = (
					"$(inherited)",
					"@executable_path/../Frameworks",
					"@loader_path/../Frameworks",
				);
				MACOSX_DEPLOYMENT_TARGET = 11.0;
				PRODUCT_BUNDLE_IDENTIFIER = cn.iaalm.yCHMTests;
				PRODUCT_NAME = "$(TARGET_NAME)";
				SWIFT_OBJC_BRIDGING_HEADER = "yCHM/yCHMTests-Bridging-Header.h";
				SWIFT_VERSION = 5.0;
				TEST_HOST = "$(BUILT_PRODUCTS_DIR)/yCHM.app/Contents/MacOS/yCHM";
			};
			name = Release;
		};
		F430ADA22812C3E600B71C40 /* Debug */ = {
			isa = XCBuildConfiguration;
			buildSettings = {
				ALWAYS_EMBED_SWIFT_STANDARD_LIBRARIES = YES;
				CLANG_ENABLE_MODULES = YES;
				CODE_SIGN_STYLE = Automatic;
				COMBINE_HIDPI_IMAGES = YES;
				DEVELOPMENT_TEAM = GF89F8J3K7;
				INFOPLIST_FILE = yCHMUITests/Info.plist;
				LD_RUNPATH_SEARCH_PATHS = (
					"$(inherited)",
					"@executable_path/../Frameworks",
					"@loader_path/../Frameworks",
				);
				PRODUCT_BUNDLE_IDENTIFIER = cn.iaalm.yCHMUITests;
				PRODUCT_NAME = "$(TARGET_NAME)";
				SWIFT_OBJC_BRIDGING_HEADER = "yCHM/yCHMUITests-Bridging-Header.h";
				SWIFT_OPTIMIZATION_LEVEL = "-Onone";
				SWIFT_VERSION = 5.0;
				TEST_TARGET_NAME = yCHM;
			};
			name = Debug;
		};
		F430ADA32812C3E600B71C40 /* Release */ = {
			isa = XCBuildConfiguration;
			buildSettings = {
				ALWAYS_EMBED_SWIFT_STANDARD_LIBRARIES = YES;
				CLANG_ENABLE_MODULES = YES;
				CODE_SIGN_STYLE = Automatic;
				COMBINE_HIDPI_IMAGES = YES;
				DEVELOPMENT_TEAM = GF89F8J3K7;
				INFOPLIST_FILE = yCHMUITests/Info.plist;
				LD_RUNPATH_SEARCH_PATHS = (
					"$(inherited)",
					"@executable_path/../Frameworks",
					"@loader_path/../Frameworks",
				);
				PRODUCT_BUNDLE_IDENTIFIER = cn.iaalm.yCHMUITests;
				PRODUCT_NAME = "$(TARGET_NAME)";
				SWIFT_OBJC_BRIDGING_HEADER = "yCHM/yCHMUITests-Bridging-Header.h";
				SWIFT_VERSION = 5.0;
				TEST_TARGET_NAME = yCHM;
			};
			name = Release;
		};
/* End XCBuildConfiguration section */

/* Begin XCConfigurationList section */
		F430AD6B2812C3DE00B71C40 /* Build configuration list for PBXProject "yCHM" */ = {
			isa = XCConfigurationList;
			buildConfigurations = (
				F430AD992812C3E600B71C40 /* Debug */,
				F430AD9A2812C3E600B71C40 /* Release */,
			);
			defaultConfigurationIsVisible = 0;
			defaultConfigurationName = Release;
		};
		F430AD9B2812C3E600B71C40 /* Build configuration list for PBXNativeTarget "yCHM" */ = {
			isa = XCConfigurationList;
			buildConfigurations = (
				F430AD9C2812C3E600B71C40 /* Debug */,
				F430AD9D2812C3E600B71C40 /* Release */,
			);
			defaultConfigurationIsVisible = 0;
			defaultConfigurationName = Release;
		};
		F430AD9E2812C3E600B71C40 /* Build configuration list for PBXNativeTarget "yCHMTests" */ = {
			isa = XCConfigurationList;
			buildConfigurations = (
				F430AD9F2812C3E600B71C40 /* Debug */,
				F430ADA02812C3E600B71C40 /* Release */,
			);
			defaultConfigurationIsVisible = 0;
			defaultConfigurationName = Release;
		};
		F430ADA12812C3E600B71C40 /* Build configuration list for PBXNativeTarget "yCHMUITests" */ = {
			isa = XCConfigurationList;
			buildConfigurations = (
				F430ADA22812C3E600B71C40 /* Debug */,
				F430ADA32812C3E600B71C40 /* Release */,
			);
			defaultConfigurationIsVisible = 0;
			defaultConfigurationName = Release;
		};
/* End XCConfigurationList section */

/* Begin XCRemoteSwiftPackageReference section */
		F472E3D1282699B700ED3BC3 /* XCRemoteSwiftPackageReference "swift-log" */ = {
			isa = XCRemoteSwiftPackageReference;
			repositoryURL = "https://github.com/apple/swift-log.git";
			requirement = {
				kind = upToNextMajorVersion;
				minimumVersion = 1.4.2;
			};
		};
		F4860749281E253C00B81C3A /* XCRemoteSwiftPackageReference "SwiftSoup" */ = {
			isa = XCRemoteSwiftPackageReference;
			repositoryURL = "https://github.com/scinfu/SwiftSoup.git";
			requirement = {
				kind = upToNextMajorVersion;
				minimumVersion = 2.4.2;
			};
		};
/* End XCRemoteSwiftPackageReference section */

/* Begin XCSwiftPackageProductDependency section */
		F472E3C72824063D00ED3BC3 /* SwiftSoup */ = {
			isa = XCSwiftPackageProductDependency;
			package = F4860749281E253C00B81C3A /* XCRemoteSwiftPackageReference "SwiftSoup" */;
			productName = SwiftSoup;
		};
		F472E3D2282699B700ED3BC3 /* Logging */ = {
			isa = XCSwiftPackageProductDependency;
			package = F472E3D1282699B700ED3BC3 /* XCRemoteSwiftPackageReference "swift-log" */;
			productName = Logging;
		};
		F472E3D428269BD000ED3BC3 /* Logging */ = {
			isa = XCSwiftPackageProductDependency;
			package = F472E3D1282699B700ED3BC3 /* XCRemoteSwiftPackageReference "swift-log" */;
			productName = Logging;
		};
		F486074A281E253C00B81C3A /* SwiftSoup */ = {
			isa = XCSwiftPackageProductDependency;
			package = F4860749281E253C00B81C3A /* XCRemoteSwiftPackageReference "SwiftSoup" */;
			productName = SwiftSoup;
		};
/* End XCSwiftPackageProductDependency section */

/* Begin XCVersionGroup section */
		F430AD7E2812C3E500B71C40 /* yCHM.xcdatamodeld */ = {
			isa = XCVersionGroup;
			children = (
				F430AD7F2812C3E500B71C40 /* yCHM.xcdatamodel */,
			);
			currentVersion = F430AD7F2812C3E500B71C40 /* yCHM.xcdatamodel */;
			path = yCHM.xcdatamodeld;
			sourceTree = "<group>";
			versionGroupType = wrapper.xcdatamodel;
		};
/* End XCVersionGroup section */
	};
	rootObject = F430AD682812C3DE00B71C40 /* Project object */;
}
